// !$*UTF8*$!
{
	archiveVersion = 1;
	classes = {
	};
	objectVersion = 56;
	objects = {

/* Begin PBXBuildFile section */
		FB64D8F72C5DC5A900D4D608 /* AppConfig.swift in Sources */ = {isa = PBXBuildFile; fileRef = FB64D8F62C5DC5A900D4D608 /* AppConfig.swift */; };
		FB64D8FB2C5DC60D00D4D608 /* VisualEffectView.swift in Sources */ = {isa = PBXBuildFile; fileRef = FB64D8FA2C5DC60D00D4D608 /* VisualEffectView.swift */; };
		FB64D8FD2C5DCA6400D4D608 /* Notifications.swift in Sources */ = {isa = PBXBuildFile; fileRef = FB64D8FC2C5DCA6400D4D608 /* Notifications.swift */; };
		FB64D8FF2C5DCBFA00D4D608 /* AppDelegate.swift in Sources */ = {isa = PBXBuildFile; fileRef = FB64D8FE2C5DCBFA00D4D608 /* AppDelegate.swift */; };
		FB64D9012C5DF3B100D4D608 /* ConfigView.swift in Sources */ = {isa = PBXBuildFile; fileRef = FB64D9002C5DF3B100D4D608 /* ConfigView.swift */; };
		FB64D9092C5E01DD00D4D608 /* AboutView.swift in Sources */ = {isa = PBXBuildFile; fileRef = FB64D9082C5E01DD00D4D608 /* AboutView.swift */; };
		FB87F5A82B8B4AFD00F9060F /* ding.mp3 in Resources */ = {isa = PBXBuildFile; fileRef = FB87F5A72B8B4AFD00F9060F /* ding.mp3 */; };
		FBC5E8362B8A024000C2A459 /* FundoshiApp.swift in Sources */ = {isa = PBXBuildFile; fileRef = FBC5E8352B8A024000C2A459 /* FundoshiApp.swift */; };
		FBC5E8382B8A024000C2A459 /* ContentView.swift in Sources */ = {isa = PBXBuildFile; fileRef = FBC5E8372B8A024000C2A459 /* ContentView.swift */; };
		FBC5E83A2B8A024100C2A459 /* Assets.xcassets in Resources */ = {isa = PBXBuildFile; fileRef = FBC5E8392B8A024100C2A459 /* Assets.xcassets */; };
		FBC5E83D2B8A024100C2A459 /* Preview Assets.xcassets in Resources */ = {isa = PBXBuildFile; fileRef = FBC5E83C2B8A024100C2A459 /* Preview Assets.xcassets */; };
		FBC5E8462B8A04B100C2A459 /* MenuView.swift in Sources */ = {isa = PBXBuildFile; fileRef = FBC5E8452B8A04B100C2A459 /* MenuView.swift */; };
		FBC5E8482B8A441C00C2A459 /* SeperateWindow.swift in Sources */ = {isa = PBXBuildFile; fileRef = FBC5E8472B8A441C00C2A459 /* SeperateWindow.swift */; };
		FBED019F2C5D3387009BE37C /* Localizable.xcstrings in Resources */ = {isa = PBXBuildFile; fileRef = FBED019E2C5D3387009BE37C /* Localizable.xcstrings */; };
/* End PBXBuildFile section */

/* Begin PBXFileReference section */
		FB64D8F62C5DC5A900D4D608 /* AppConfig.swift */ = {isa = PBXFileReference; lastKnownFileType = sourcecode.swift; path = AppConfig.swift; sourceTree = "<group>"; };
		FB64D8FA2C5DC60D00D4D608 /* VisualEffectView.swift */ = {isa = PBXFileReference; lastKnownFileType = sourcecode.swift; path = VisualEffectView.swift; sourceTree = "<group>"; };
		FB64D8FC2C5DCA6400D4D608 /* Notifications.swift */ = {isa = PBXFileReference; lastKnownFileType = sourcecode.swift; path = Notifications.swift; sourceTree = "<group>"; };
		FB64D8FE2C5DCBFA00D4D608 /* AppDelegate.swift */ = {isa = PBXFileReference; lastKnownFileType = sourcecode.swift; path = AppDelegate.swift; sourceTree = "<group>"; };
		FB64D9002C5DF3B100D4D608 /* ConfigView.swift */ = {isa = PBXFileReference; lastKnownFileType = sourcecode.swift; path = ConfigView.swift; sourceTree = "<group>"; };
		FB64D9082C5E01DD00D4D608 /* AboutView.swift */ = {isa = PBXFileReference; lastKnownFileType = sourcecode.swift; path = AboutView.swift; sourceTree = "<group>"; };
		FB87F5A72B8B4AFD00F9060F /* ding.mp3 */ = {isa = PBXFileReference; lastKnownFileType = audio.mp3; path = ding.mp3; sourceTree = "<group>"; };
		FBC5E8322B8A024000C2A459 /* Fundoshi.app */ = {isa = PBXFileReference; explicitFileType = wrapper.application; includeInIndex = 0; path = Fundoshi.app; sourceTree = BUILT_PRODUCTS_DIR; };
		FBC5E8352B8A024000C2A459 /* FundoshiApp.swift */ = {isa = PBXFileReference; lastKnownFileType = sourcecode.swift; path = FundoshiApp.swift; sourceTree = "<group>"; };
		FBC5E8372B8A024000C2A459 /* ContentView.swift */ = {isa = PBXFileReference; lastKnownFileType = sourcecode.swift; path = ContentView.swift; sourceTree = "<group>"; };
		FBC5E8392B8A024100C2A459 /* Assets.xcassets */ = {isa = PBXFileReference; lastKnownFileType = folder.assetcatalog; path = Assets.xcassets; sourceTree = "<group>"; };
		FBC5E83C2B8A024100C2A459 /* Preview Assets.xcassets */ = {isa = PBXFileReference; lastKnownFileType = folder.assetcatalog; path = "Preview Assets.xcassets"; sourceTree = "<group>"; };
		FBC5E83E2B8A024100C2A459 /* Fundoshi.entitlements */ = {isa = PBXFileReference; lastKnownFileType = text.plist.entitlements; path = Fundoshi.entitlements; sourceTree = "<group>"; };
		FBC5E8442B8A03B800C2A459 /* Info.plist */ = {isa = PBXFileReference; lastKnownFileType = text.plist; path = Info.plist; sourceTree = "<group>"; };
		FBC5E8452B8A04B100C2A459 /* MenuView.swift */ = {isa = PBXFileReference; lastKnownFileType = sourcecode.swift; path = MenuView.swift; sourceTree = "<group>"; };
		FBC5E8472B8A441C00C2A459 /* SeperateWindow.swift */ = {isa = PBXFileReference; lastKnownFileType = sourcecode.swift; path = SeperateWindow.swift; sourceTree = "<group>"; };
		FBED019E2C5D3387009BE37C /* Localizable.xcstrings */ = {isa = PBXFileReference; lastKnownFileType = text.json.xcstrings; path = Localizable.xcstrings; sourceTree = "<group>"; };
/* End PBXFileReference section */

/* Begin PBXFrameworksBuildPhase section */
		FBC5E82F2B8A024000C2A459 /* Frameworks */ = {
			isa = PBXFrameworksBuildPhase;
			buildActionMask = 2147483647;
			files = (
			);
			runOnlyForDeploymentPostprocessing = 0;
		};
/* End PBXFrameworksBuildPhase section */

/* Begin PBXGroup section */
		FBC5E8292B8A024000C2A459 = {
			isa = PBXGroup;
			children = (
				FBC5E8342B8A024000C2A459 /* Fundoshi */,
				FBC5E8332B8A024000C2A459 /* Products */,
			);
			sourceTree = "<group>";
		};
		FBC5E8332B8A024000C2A459 /* Products */ = {
			isa = PBXGroup;
			children = (
				FBC5E8322B8A024000C2A459 /* Fundoshi.app */,
			);
			name = Products;
			sourceTree = "<group>";
		};
		FBC5E8342B8A024000C2A459 /* Fundoshi */ = {
			isa = PBXGroup;
			children = (
				FBC5E8442B8A03B800C2A459 /* Info.plist */,
				FBC5E8352B8A024000C2A459 /* FundoshiApp.swift */,
				FB64D8F62C5DC5A900D4D608 /* AppConfig.swift */,
				FBED019E2C5D3387009BE37C /* Localizable.xcstrings */,
				FBC5E8452B8A04B100C2A459 /* MenuView.swift */,
				FBC5E8472B8A441C00C2A459 /* SeperateWindow.swift */,
				FB64D8FA2C5DC60D00D4D608 /* VisualEffectView.swift */,
				FBC5E8372B8A024000C2A459 /* ContentView.swift */,
				FB64D9082C5E01DD00D4D608 /* AboutView.swift */,
				FB64D9002C5DF3B100D4D608 /* ConfigView.swift */,
				FB64D8FC2C5DCA6400D4D608 /* Notifications.swift */,
				FB64D8FE2C5DCBFA00D4D608 /* AppDelegate.swift */,
				FB87F5A72B8B4AFD00F9060F /* ding.mp3 */,
				FBC5E8392B8A024100C2A459 /* Assets.xcassets */,
				FBC5E83E2B8A024100C2A459 /* Fundoshi.entitlements */,
				FBC5E83B2B8A024100C2A459 /* Preview Content */,
			);
			path = Fundoshi;
			sourceTree = "<group>";
		};
		FBC5E83B2B8A024100C2A459 /* Preview Content */ = {
			isa = PBXGroup;
			children = (
				FBC5E83C2B8A024100C2A459 /* Preview Assets.xcassets */,
			);
			path = "Preview Content";
			sourceTree = "<group>";
		};
/* End PBXGroup section */

/* Begin PBXNativeTarget section */
		FBC5E8312B8A024000C2A459 /* Fundoshi */ = {
			isa = PBXNativeTarget;
			buildConfigurationList = FBC5E8412B8A024100C2A459 /* Build configuration list for PBXNativeTarget "Fundoshi" */;
			buildPhases = (
				FBC5E82E2B8A024000C2A459 /* Sources */,
				FBC5E82F2B8A024000C2A459 /* Frameworks */,
				FBC5E8302B8A024000C2A459 /* Resources */,
			);
			buildRules = (
			);
			dependencies = (
			);
			name = Fundoshi;
			productName = Fundoshi;
			productReference = FBC5E8322B8A024000C2A459 /* Fundoshi.app */;
			productType = "com.apple.product-type.application";
		};
/* End PBXNativeTarget section */

/* Begin PBXProject section */
		FBC5E82A2B8A024000C2A459 /* Project object */ = {
			isa = PBXProject;
			attributes = {
				BuildIndependentTargetsInParallel = 1;
				LastSwiftUpdateCheck = 1520;
				LastUpgradeCheck = 1600;
				TargetAttributes = {
					FBC5E8312B8A024000C2A459 = {
						CreatedOnToolsVersion = 15.2;
					};
				};
			};
			buildConfigurationList = FBC5E82D2B8A024000C2A459 /* Build configuration list for PBXProject "Fundoshi" */;
			compatibilityVersion = "Xcode 14.0";
			developmentRegion = en;
			hasScannedForEncodings = 0;
			knownRegions = (
				en,
				Base,
				"zh-Hans",
			);
			mainGroup = FBC5E8292B8A024000C2A459;
			packageReferences = (
			);
			productRefGroup = FBC5E8332B8A024000C2A459 /* Products */;
			projectDirPath = "";
			projectRoot = "";
			targets = (
				FBC5E8312B8A024000C2A459 /* Fundoshi */,
			);
		};
/* End PBXProject section */

/* Begin PBXResourcesBuildPhase section */
		FBC5E8302B8A024000C2A459 /* Resources */ = {
			isa = PBXResourcesBuildPhase;
			buildActionMask = 2147483647;
			files = (
				FBC5E83D2B8A024100C2A459 /* Preview Assets.xcassets in Resources */,
				FBC5E83A2B8A024100C2A459 /* Assets.xcassets in Resources */,
				FBED019F2C5D3387009BE37C /* Localizable.xcstrings in Resources */,
				FB87F5A82B8B4AFD00F9060F /* ding.mp3 in Resources */,
			);
			runOnlyForDeploymentPostprocessing = 0;
		};
/* End PBXResourcesBuildPhase section */

/* Begin PBXSourcesBuildPhase section */
		FBC5E82E2B8A024000C2A459 /* Sources */ = {
			isa = PBXSourcesBuildPhase;
			buildActionMask = 2147483647;
			files = (
				FB64D8FF2C5DCBFA00D4D608 /* AppDelegate.swift in Sources */,
				FBC5E8482B8A441C00C2A459 /* SeperateWindow.swift in Sources */,
				FB64D8FD2C5DCA6400D4D608 /* Notifications.swift in Sources */,
				FB64D9012C5DF3B100D4D608 /* ConfigView.swift in Sources */,
				FB64D9092C5E01DD00D4D608 /* AboutView.swift in Sources */,
				FB64D8F72C5DC5A900D4D608 /* AppConfig.swift in Sources */,
				FBC5E8382B8A024000C2A459 /* ContentView.swift in Sources */,
				FBC5E8462B8A04B100C2A459 /* MenuView.swift in Sources */,
				FBC5E8362B8A024000C2A459 /* FundoshiApp.swift in Sources */,
				FB64D8FB2C5DC60D00D4D608 /* VisualEffectView.swift in Sources */,
			);
			runOnlyForDeploymentPostprocessing = 0;
		};
/* End PBXSourcesBuildPhase section */

/* Begin XCBuildConfiguration section */
		FBC5E83F2B8A024100C2A459 /* Debug */ = {
			isa = XCBuildConfiguration;
			buildSettings = {
				ALWAYS_SEARCH_USER_PATHS = NO;
				ASSETCATALOG_COMPILER_GENERATE_SWIFT_ASSET_SYMBOL_EXTENSIONS = YES;
				CLANG_ANALYZER_NONNULL = YES;
				CLANG_ANALYZER_NUMBER_OBJECT_CONVERSION = YES_AGGRESSIVE;
				CLANG_CXX_LANGUAGE_STANDARD = "gnu++20";
				CLANG_ENABLE_MODULES = YES;
				CLANG_ENABLE_OBJC_ARC = YES;
				CLANG_ENABLE_OBJC_WEAK = YES;
				CLANG_WARN_BLOCK_CAPTURE_AUTORELEASING = YES;
				CLANG_WARN_BOOL_CONVERSION = YES;
				CLANG_WARN_COMMA = YES;
				CLANG_WARN_CONSTANT_CONVERSION = YES;
				CLANG_WARN_DEPRECATED_OBJC_IMPLEMENTATIONS = YES;
				CLANG_WARN_DIRECT_OBJC_ISA_USAGE = YES_ERROR;
				CLANG_WARN_DOCUMENTATION_COMMENTS = YES;
				CLANG_WARN_EMPTY_BODY = YES;
				CLANG_WARN_ENUM_CONVERSION = YES;
				CLANG_WARN_INFINITE_RECURSION = YES;
				CLANG_WARN_INT_CONVERSION = YES;
				CLANG_WARN_NON_LITERAL_NULL_CONVERSION = YES;
				CLANG_WARN_OBJC_IMPLICIT_RETAIN_SELF = YES;
				CLANG_WARN_OBJC_LITERAL_CONVERSION = YES;
				CLANG_WARN_OBJC_ROOT_CLASS = YES_ERROR;
				CLANG_WARN_QUOTED_INCLUDE_IN_FRAMEWORK_HEADER = YES;
				CLANG_WARN_RANGE_LOOP_ANALYSIS = YES;
				CLANG_WARN_STRICT_PROTOTYPES = YES;
				CLANG_WARN_SUSPICIOUS_MOVE = YES;
				CLANG_WARN_UNGUARDED_AVAILABILITY = YES_AGGRESSIVE;
				CLANG_WARN_UNREACHABLE_CODE = YES;
				CLANG_WARN__DUPLICATE_METHOD_MATCH = YES;
				COPY_PHASE_STRIP = NO;
				DEAD_CODE_STRIPPING = YES;
				DEBUG_INFORMATION_FORMAT = dwarf;
				ENABLE_STRICT_OBJC_MSGSEND = YES;
				ENABLE_TESTABILITY = YES;
				ENABLE_USER_SCRIPT_SANDBOXING = YES;
				GCC_C_LANGUAGE_STANDARD = gnu17;
				GCC_DYNAMIC_NO_PIC = NO;
				GCC_NO_COMMON_BLOCKS = YES;
				GCC_OPTIMIZATION_LEVEL = 0;
				GCC_PREPROCESSOR_DEFINITIONS = (
					"DEBUG=1",
					"$(inherited)",
				);
				GCC_WARN_64_TO_32_BIT_CONVERSION = YES;
				GCC_WARN_ABOUT_RETURN_TYPE = YES_ERROR;
				GCC_WARN_UNDECLARED_SELECTOR = YES;
				GCC_WARN_UNINITIALIZED_AUTOS = YES_AGGRESSIVE;
				GCC_WARN_UNUSED_FUNCTION = YES;
				GCC_WARN_UNUSED_VARIABLE = YES;
				LOCALIZATION_PREFERS_STRING_CATALOGS = YES;
				MACOSX_DEPLOYMENT_TARGET = 14.2;
				MTL_ENABLE_DEBUG_INFO = INCLUDE_SOURCE;
				MTL_FAST_MATH = YES;
				ONLY_ACTIVE_ARCH = YES;
				SDKROOT = macosx;
				SWIFT_ACTIVE_COMPILATION_CONDITIONS = "DEBUG $(inherited)";
				SWIFT_EMIT_LOC_STRINGS = YES;
				SWIFT_OPTIMIZATION_LEVEL = "-Onone";
			};
			name = Debug;
		};
		FBC5E8402B8A024100C2A459 /* Release */ = {
			isa = XCBuildConfiguration;
			buildSettings = {
				ALWAYS_SEARCH_USER_PATHS = NO;
				ASSETCATALOG_COMPILER_GENERATE_SWIFT_ASSET_SYMBOL_EXTENSIONS = YES;
				CLANG_ANALYZER_NONNULL = YES;
				CLANG_ANALYZER_NUMBER_OBJECT_CONVERSION = YES_AGGRESSIVE;
				CLANG_CXX_LANGUAGE_STANDARD = "gnu++20";
				CLANG_ENABLE_MODULES = YES;
				CLANG_ENABLE_OBJC_ARC = YES;
				CLANG_ENABLE_OBJC_WEAK = YES;
				CLANG_WARN_BLOCK_CAPTURE_AUTORELEASING = YES;
				CLANG_WARN_BOOL_CONVERSION = YES;
				CLANG_WARN_COMMA = YES;
				CLANG_WARN_CONSTANT_CONVERSION = YES;
				CLANG_WARN_DEPRECATED_OBJC_IMPLEMENTATIONS = YES;
				CLANG_WARN_DIRECT_OBJC_ISA_USAGE = YES_ERROR;
				CLANG_WARN_DOCUMENTATION_COMMENTS = YES;
				CLANG_WARN_EMPTY_BODY = YES;
				CLANG_WARN_ENUM_CONVERSION = YES;
				CLANG_WARN_INFINITE_RECURSION = YES;
				CLANG_WARN_INT_CONVERSION = YES;
				CLANG_WARN_NON_LITERAL_NULL_CONVERSION = YES;
				CLANG_WARN_OBJC_IMPLICIT_RETAIN_SELF = YES;
				CLANG_WARN_OBJC_LITERAL_CONVERSION = YES;
				CLANG_WARN_OBJC_ROOT_CLASS = YES_ERROR;
				CLANG_WARN_QUOTED_INCLUDE_IN_FRAMEWORK_HEADER = YES;
				CLANG_WARN_RANGE_LOOP_ANALYSIS = YES;
				CLANG_WARN_STRICT_PROTOTYPES = YES;
				CLANG_WARN_SUSPICIOUS_MOVE = YES;
				CLANG_WARN_UNGUARDED_AVAILABILITY = YES_AGGRESSIVE;
				CLANG_WARN_UNREACHABLE_CODE = YES;
				CLANG_WARN__DUPLICATE_METHOD_MATCH = YES;
				COPY_PHASE_STRIP = NO;
				DEAD_CODE_STRIPPING = YES;
				DEBUG_INFORMATION_FORMAT = "dwarf-with-dsym";
				ENABLE_NS_ASSERTIONS = NO;
				ENABLE_STRICT_OBJC_MSGSEND = YES;
				ENABLE_USER_SCRIPT_SANDBOXING = YES;
				GCC_C_LANGUAGE_STANDARD = gnu17;
				GCC_NO_COMMON_BLOCKS = YES;
				GCC_WARN_64_TO_32_BIT_CONVERSION = YES;
				GCC_WARN_ABOUT_RETURN_TYPE = YES_ERROR;
				GCC_WARN_UNDECLARED_SELECTOR = YES;
				GCC_WARN_UNINITIALIZED_AUTOS = YES_AGGRESSIVE;
				GCC_WARN_UNUSED_FUNCTION = YES;
				GCC_WARN_UNUSED_VARIABLE = YES;
				LOCALIZATION_PREFERS_STRING_CATALOGS = YES;
				MACOSX_DEPLOYMENT_TARGET = 14.2;
				MTL_ENABLE_DEBUG_INFO = NO;
				MTL_FAST_MATH = YES;
				SDKROOT = macosx;
				SWIFT_COMPILATION_MODE = wholemodule;
				SWIFT_EMIT_LOC_STRINGS = YES;
			};
			name = Release;
		};
		FBC5E8422B8A024100C2A459 /* Debug */ = {
			isa = XCBuildConfiguration;
			buildSettings = {
				ASSETCATALOG_COMPILER_APPICON_NAME = AppIcon;
				ASSETCATALOG_COMPILER_GLOBAL_ACCENT_COLOR_NAME = AccentColor;
				CODE_SIGN_ENTITLEMENTS = Fundoshi/Fundoshi.entitlements;
				"CODE_SIGN_IDENTITY[sdk=macosx*]" = "Apple Development";
				CODE_SIGN_STYLE = Automatic;
				COMBINE_HIDPI_IMAGES = YES;
				CURRENT_PROJECT_VERSION = 11;
				DEAD_CODE_STRIPPING = YES;
				DEVELOPMENT_ASSET_PATHS = "\"Fundoshi/Preview Content\"";
				DEVELOPMENT_TEAM = 6PPLU9GFJ6;
				ENABLE_HARDENED_RUNTIME = YES;
				ENABLE_PREVIEWS = YES;
				GENERATE_INFOPLIST_FILE = YES;
				INFOPLIST_FILE = Fundoshi/Info.plist;
				INFOPLIST_KEY_CFBundleDisplayName = Fundoshi;
				INFOPLIST_KEY_LSApplicationCategoryType = "public.app-category.utilities";
				INFOPLIST_KEY_LSUIElement = YES;
				INFOPLIST_KEY_NSHumanReadableCopyright = "";
				LD_RUNPATH_SEARCH_PATHS = (
					"$(inherited)",
					"@executable_path/../Frameworks",
				);
				MACOSX_DEPLOYMENT_TARGET = 14.0;
				MARKETING_VERSION = 1.3;
				PRODUCT_BUNDLE_IDENTIFIER = com.ookamitai.Fundoshi;
				PRODUCT_NAME = "$(TARGET_NAME)";
				SWIFT_EMIT_LOC_STRINGS = YES;
				SWIFT_VERSION = 5.0;
			};
			name = Debug;
		};
		FBC5E8432B8A024100C2A459 /* Release */ = {
			isa = XCBuildConfiguration;
			buildSettings = {
				ASSETCATALOG_COMPILER_APPICON_NAME = AppIcon;
				ASSETCATALOG_COMPILER_GLOBAL_ACCENT_COLOR_NAME = AccentColor;
				CODE_SIGN_ENTITLEMENTS = Fundoshi/Fundoshi.entitlements;
				"CODE_SIGN_IDENTITY[sdk=macosx*]" = "Apple Development";
				CODE_SIGN_STYLE = Automatic;
				COMBINE_HIDPI_IMAGES = YES;
				CURRENT_PROJECT_VERSION = 11;
				DEAD_CODE_STRIPPING = YES;
				DEVELOPMENT_ASSET_PATHS = "\"Fundoshi/Preview Content\"";
				DEVELOPMENT_TEAM = 6PPLU9GFJ6;
				ENABLE_HARDENED_RUNTIME = YES;
				ENABLE_PREVIEWS = YES;
				GENERATE_INFOPLIST_FILE = YES;
				INFOPLIST_FILE = Fundoshi/Info.plist;
				INFOPLIST_KEY_CFBundleDisplayName = Fundoshi;
				INFOPLIST_KEY_LSApplicationCategoryType = "public.app-category.utilities";
				INFOPLIST_KEY_LSUIElement = YES;
				INFOPLIST_KEY_NSHumanReadableCopyright = "";
				LD_RUNPATH_SEARCH_PATHS = (
					"$(inherited)",
					"@executable_path/../Frameworks",
				);
				MACOSX_DEPLOYMENT_TARGET = 14.0;
				MARKETING_VERSION = 1.3;
				PRODUCT_BUNDLE_IDENTIFIER = com.ookamitai.Fundoshi;
				PRODUCT_NAME = "$(TARGET_NAME)";
				SWIFT_EMIT_LOC_STRINGS = YES;
				SWIFT_VERSION = 5.0;
			};
			name = Release;
		};
/* End XCBuildConfiguration section */

/* Begin XCConfigurationList section */
		FBC5E82D2B8A024000C2A459 /* Build configuration list for PBXProject "Fundoshi" */ = {
			isa = XCConfigurationList;
			buildConfigurations = (
				FBC5E83F2B8A024100C2A459 /* Debug */,
				FBC5E8402B8A024100C2A459 /* Release */,
			);
			defaultConfigurationIsVisible = 0;
			defaultConfigurationName = Release;
		};
		FBC5E8412B8A024100C2A459 /* Build configuration list for PBXNativeTarget "Fundoshi" */ = {
			isa = XCConfigurationList;
			buildConfigurations = (
				FBC5E8422B8A024100C2A459 /* Debug */,
				FBC5E8432B8A024100C2A459 /* Release */,
			);
			defaultConfigurationIsVisible = 0;
			defaultConfigurationName = Release;
		};
/* End XCConfigurationList section */
	};
	rootObject = FBC5E82A2B8A024000C2A459 /* Project object */;
}
