{
  "originHash" : "86579a52248ce222ec637653b88f921b11a82b55cf5ff55c33f005159a6f050f",
  "pins" : [
    {
      "identity" : "compactslider",
      "kind" : "remoteSourceControl",
      "location" : "https://github.com/buh/CompactSlider",
      "state" : {
        "revision" : "abe4d1df6f0c85dcb133266cc07c2a5d08295726",
        "version" : "1.1.6"
      }
    },
    {
      "identity" : "menubarextraaccess",
      "kind" : "remoteSourceControl",
      "location" : "https://github.com/orchetect/MenuBarExtraAccess",
      "state" : {
        "revision" : "f5896b47e15e114975897354c7e1082c51a2bffd",
        "version" : "1.0.5"
      }
    }
  ],
  "version" : 3
}
